
Microsoft Visual Studio Solution File, Format Version 12.00
# Visual Studio Version 16
VisualStudioVersion = 16.0.29001.49
MinimumVisualStudioVersion = 10.0.40219.1
Project("{FAE04EC0-301F-11D3-BF4B-00C04F79EFBC}") = "IoT_Car", "IoT_Car\IoT_Car.csproj", "{EF886F56-B97B-4E83-AF0F-9C1E6CE8F815}"
EndProject
Global
	GlobalSection(SolutionConfigurationPlatforms) = preSolution
		Debug|Any CPU = Debug|Any CPU
		Release|Any CPU = Release|Any CPU
	EndGlobalSection
	GlobalSection(ProjectConfigurationPlatforms) = postSolution
		{EF886F56-B97B-4E83-AF0F-9C1E6CE8F815}.Debug|Any CPU.ActiveCfg = Debug|Any CPU
		{EF886F56-B97B-4E83-AF0F-9C1E6CE8F815}.Debug|Any CPU.Build.0 = Debug|Any CPU
		{EF886F56-B97B-4E83-AF0F-9C1E6CE8F815}.Release|Any CPU.ActiveCfg = Release|Any CPU
		{EF886F56-B97B-4E83-AF0F-9C1E6CE8F815}.Release|Any CPU.Build.0 = Release|Any CPU
	EndGlobalSection
	GlobalSection(SolutionProperties) = preSolution
		HideSolutionNode = FALSE
	EndGlobalSection
	GlobalSection(ExtensibilityGlobals) = postSolution
		SolutionGuid = {13D0761B-1F24-4457-948A-62F155836A53}
	EndGlobalSection
EndGlobal
